// !$*UTF8*$!
{
	archiveVersion = 1;
	classes = {
	};
	objectVersion = 50;
	objects = {

/* Begin PBXBuildFile section */
		8875A497265D4DEF00C61EBD /* AppDelegate.swift in Sources */ = {isa = PBXBuildFile; fileRef = 8875A496265D4DEF00C61EBD /* AppDelegate.swift */; };
		8875A499265D4DEF00C61EBD /* SceneDelegate.swift in Sources */ = {isa = PBXBuildFile; fileRef = 8875A498265D4DEF00C61EBD /* SceneDelegate.swift */; };
		8875A49B265D4DEF00C61EBD /* ViewController.swift in Sources */ = {isa = PBXBuildFile; fileRef = 8875A49A265D4DEF00C61EBD /* ViewController.swift */; };
		8875A49E265D4DEF00C61EBD /* Main.storyboard in Resources */ = {isa = PBXBuildFile; fileRef = 8875A49C265D4DEF00C61EBD /* Main.storyboard */; };
		8875A4A0265D4DF600C61EBD /* Assets.xcassets in Resources */ = {isa = PBXBuildFile; fileRef = 8875A49F265D4DF600C61EBD /* Assets.xcassets */; };
		8875A4A3265D4DF600C61EBD /* LaunchScreen.storyboard in Resources */ = {isa = PBXBuildFile; fileRef = 8875A4A1265D4DF600C61EBD /* LaunchScreen.storyboard */; };
/* End PBXBuildFile section */

/* Begin PBXFileReference section */
		8875A493265D4DEF00C61EBD /* ImgLoader.app */ = {isa = PBXFileReference; explicitFileType = wrapper.application; includeInIndex = 0; path = ImgLoader.app; sourceTree = BUILT_PRODUCTS_DIR; };
		8875A496265D4DEF00C61EBD /* AppDelegate.swift */ = {isa = PBXFileReference; lastKnownFileType = sourcecode.swift; path = AppDelegate.swift; sourceTree = "<group>"; };
		8875A498265D4DEF00C61EBD /* SceneDelegate.swift */ = {isa = PBXFileReference; lastKnownFileType = sourcecode.swift; path = SceneDelegate.swift; sourceTree = "<group>"; };
		8875A49A265D4DEF00C61EBD /* ViewController.swift */ = {isa = PBXFileReference; lastKnownFileType = sourcecode.swift; path = ViewController.swift; sourceTree = "<group>"; };
		8875A49D265D4DEF00C61EBD /* Base */ = {isa = PBXFileReference; lastKnownFileType = file.storyboard; name = Base; path = Base.lproj/Main.storyboard; sourceTree = "<group>"; };
		8875A49F265D4DF600C61EBD /* Assets.xcassets */ = {isa = PBXFileReference; lastKnownFileType = folder.assetcatalog; path = Assets.xcassets; sourceTree = "<group>"; };
		8875A4A2265D4DF600C61EBD /* Base */ = {isa = PBXFileReference; lastKnownFileType = file.storyboard; name = Base; path = Base.lproj/LaunchScreen.storyboard; sourceTree = "<group>"; };
		8875A4A4265D4DF600C61EBD /* Info.plist */ = {isa = PBXFileReference; lastKnownFileType = text.plist.xml; path = Info.plist; sourceTree = "<group>"; };
/* End PBXFileReference section */

/* Begin PBXFrameworksBuildPhase section */
		8875A490265D4DEF00C61EBD /* Frameworks */ = {
			isa = PBXFrameworksBuildPhase;
			buildActionMask = 2147483647;
			files = (
			);
			runOnlyForDeploymentPostprocessing = 0;
		};
/* End PBXFrameworksBuildPhase section */

/* Begin PBXGroup section */
		8875A48A265D4DEF00C61EBD = {
			isa = PBXGroup;
			children = (
				8875A495265D4DEF00C61EBD /* ImgLoader */,
				8875A494265D4DEF00C61EBD /* Products */,
			);
			sourceTree = "<group>";
		};
		8875A494265D4DEF00C61EBD /* Products */ = {
			isa = PBXGroup;
			children = (
				8875A493265D4DEF00C61EBD /* ImgLoader.app */,
			);
			name = Products;
			sourceTree = "<group>";
		};
		8875A495265D4DEF00C61EBD /* ImgLoader */ = {
			isa = PBXGroup;
			children = (
				8875A496265D4DEF00C61EBD /* AppDelegate.swift */,
				8875A498265D4DEF00C61EBD /* SceneDelegate.swift */,
				8875A49A265D4DEF00C61EBD /* ViewController.swift */,
				8875A49C265D4DEF00C61EBD /* Main.storyboard */,
				8875A49F265D4DF600C61EBD /* Assets.xcassets */,
				8875A4A1265D4DF600C61EBD /* LaunchScreen.storyboard */,
				8875A4A4265D4DF600C61EBD /* Info.plist */,
			);
			path = ImgLoader;
			sourceTree = "<group>";
		};
/* End PBXGroup section */

/* Begin PBXNativeTarget section */
		8875A492265D4DEF00C61EBD /* ImgLoader */ = {
			isa = PBXNativeTarget;
			buildConfigurationList = 8875A4A7265D4DF600C61EBD /* Build configuration list for PBXNativeTarget "ImgLoader" */;
			buildPhases = (
				8875A48F265D4DEF00C61EBD /* Sources */,
				8875A490265D4DEF00C61EBD /* Frameworks */,
				8875A491265D4DEF00C61EBD /* Resources */,
			);
			buildRules = (
			);
			dependencies = (
			);
			name = ImgLoader;
			productName = ImgLoader;
			productReference = 8875A493265D4DEF00C61EBD /* ImgLoader.app */;
			productType = "com.apple.product-type.application";
		};
/* End PBXNativeTarget section */

/* Begin PBXProject section */
		8875A48B265D4DEF00C61EBD /* Project object */ = {
			isa = PBXProject;
			attributes = {
				LastSwiftUpdateCheck = 1250;
				LastUpgradeCheck = 1250;
				TargetAttributes = {
					8875A492265D4DEF00C61EBD = {
						CreatedOnToolsVersion = 12.5;
					};
				};
			};
			buildConfigurationList = 8875A48E265D4DEF00C61EBD /* Build configuration list for PBXProject "ImgLoader" */;
			compatibilityVersion = "Xcode 9.3";
			developmentRegion = en;
			hasScannedForEncodings = 0;
			knownRegions = (
				en,
				Base,
			);
			mainGroup = 8875A48A265D4DEF00C61EBD;
			productRefGroup = 8875A494265D4DEF00C61EBD /* Products */;
			projectDirPath = "";
			projectRoot = "";
			targets = (
				8875A492265D4DEF00C61EBD /* ImgLoader */,
			);
		};
/* End PBXProject section */

/* Begin PBXResourcesBuildPhase section */
		8875A491265D4DEF00C61EBD /* Resources */ = {
			isa = PBXResourcesBuildPhase;
			buildActionMask = 2147483647;
			files = (
				8875A4A3265D4DF600C61EBD /* LaunchScreen.storyboard in Resources */,
				8875A4A0265D4DF600C61EBD /* Assets.xcassets in Resources */,
				8875A49E265D4DEF00C61EBD /* Main.storyboard in Resources */,
			);
			runOnlyForDeploymentPostprocessing = 0;
		};
/* End PBXResourcesBuildPhase section */

/* Begin PBXSourcesBuildPhase section */
		8875A48F265D4DEF00C61EBD /* Sources */ = {
			isa = PBXSourcesBuildPhase;
			buildActionMask = 2147483647;
			files = (
				8875A49B265D4DEF00C61EBD /* ViewController.swift in Sources */,
				8875A497265D4DEF00C61EBD /* AppDelegate.swift in Sources */,
				8875A499265D4DEF00C61EBD /* SceneDelegate.swift in Sources */,
			);
			runOnlyForDeploymentPostprocessing = 0;
		};
/* End PBXSourcesBuildPhase section */

/* Begin PBXVariantGroup section */
		8875A49C265D4DEF00C61EBD /* Main.storyboard */ = {
			isa = PBXVariantGroup;
			children = (
				8875A49D265D4DEF00C61EBD /* Base */,
			);
			name = Main.storyboard;
			sourceTree = "<group>";
		};
		8875A4A1265D4DF600C61EBD /* LaunchScreen.storyboard */ = {
			isa = PBXVariantGroup;
			children = (
				8875A4A2265D4DF600C61EBD /* Base */,
			);
			name = LaunchScreen.storyboard;
			sourceTree = "<group>";
		};
/* End PBXVariantGroup section */

/* Begin XCBuildConfiguration section */
		8875A4A5265D4DF600C61EBD /* Debug */ = {
			isa = XCBuildConfiguration;
			buildSettings = {
				ALWAYS_SEARCH_USER_PATHS = NO;
				CLANG_ANALYZER_NONNULL = YES;
				CLANG_ANALYZER_NUMBER_OBJECT_CONVERSION = YES_AGGRESSIVE;
				CLANG_CXX_LANGUAGE_STANDARD = "gnu++14";
				CLANG_CXX_LIBRARY = "libc++";
				CLANG_ENABLE_MODULES = YES;
				CLANG_ENABLE_OBJC_ARC = YES;
				CLANG_ENABLE_OBJC_WEAK = YES;
				CLANG_WARN_BLOCK_CAPTURE_AUTORELEASING = YES;
				CLANG_WARN_BOOL_CONVERSION = YES;
				CLANG_WARN_COMMA = YES;
				CLANG_WARN_CONSTANT_CONVERSION = YES;
				CLANG_WARN_DEPRECATED_OBJC_IMPLEMENTATIONS = YES;
				CLANG_WARN_DIRECT_OBJC_ISA_USAGE = YES_ERROR;
				CLANG_WARN_DOCUMENTATION_COMMENTS = YES;
				CLANG_WARN_EMPTY_BODY = YES;
				CLANG_WARN_ENUM_CONVERSION = YES;
				CLANG_WARN_INFINITE_RECURSION = YES;
				CLANG_WARN_INT_CONVERSION = YES;
				CLANG_WARN_NON_LITERAL_NULL_CONVERSION = YES;
				CLANG_WARN_OBJC_IMPLICIT_RETAIN_SELF = YES;
				CLANG_WARN_OBJC_LITERAL_CONVERSION = YES;
				CLANG_WARN_OBJC_ROOT_CLASS = YES_ERROR;
				CLANG_WARN_QUOTED_INCLUDE_IN_FRAMEWORK_HEADER = YES;
				CLANG_WARN_RANGE_LOOP_ANALYSIS = YES;
				CLANG_WARN_STRICT_PROTOTYPES = YES;
				CLANG_WARN_SUSPICIOUS_MOVE = YES;
				CLANG_WARN_UNGUARDED_AVAILABILITY = YES_AGGRESSIVE;
				CLANG_WARN_UNREACHABLE_CODE = YES;
				CLANG_WARN__DUPLICATE_METHOD_MATCH = YES;
				COPY_PHASE_STRIP = NO;
				DEBUG_INFORMATION_FORMAT = dwarf;
				ENABLE_STRICT_OBJC_MSGSEND = YES;
				ENABLE_TESTABILITY = YES;
				GCC_C_LANGUAGE_STANDARD = gnu11;
				GCC_DYNAMIC_NO_PIC = NO;
				GCC_NO_COMMON_BLOCKS = YES;
				GCC_OPTIMIZATION_LEVEL = 0;
				GCC_PREPROCESSOR_DEFINITIONS = (
					"DEBUG=1",
					"$(inherited)",
				);
				GCC_WARN_64_TO_32_BIT_CONVERSION = YES;
				GCC_WARN_ABOUT_RETURN_TYPE = YES_ERROR;
				GCC_WARN_UNDECLARED_SELECTOR = YES;
				GCC_WARN_UNINITIALIZED_AUTOS = YES_AGGRESSIVE;
				GCC_WARN_UNUSED_FUNCTION = YES;
				GCC_WARN_UNUSED_VARIABLE = YES;
				IPHONEOS_DEPLOYMENT_TARGET = 14.5;
				MTL_ENABLE_DEBUG_INFO = INCLUDE_SOURCE;
				MTL_FAST_MATH = YES;
				ONLY_ACTIVE_ARCH = YES;
				SDKROOT = iphoneos;
				SWIFT_ACTIVE_COMPILATION_CONDITIONS = DEBUG;
				SWIFT_OPTIMIZATION_LEVEL = "-Onone";
			};
			name = Debug;
		};
		8875A4A6265D4DF600C61EBD /* Release */ = {
			isa = XCBuildConfiguration;
			buildSettings = {
				ALWAYS_SEARCH_USER_PATHS = NO;
				CLANG_ANALYZER_NONNULL = YES;
				CLANG_ANALYZER_NUMBER_OBJECT_CONVERSION = YES_AGGRESSIVE;
				CLANG_CXX_LANGUAGE_STANDARD = "gnu++14";
				CLANG_CXX_LIBRARY = "libc++";
				CLANG_ENABLE_MODULES = YES;
				CLANG_ENABLE_OBJC_ARC = YES;
				CLANG_ENABLE_OBJC_WEAK = YES;
				CLANG_WARN_BLOCK_CAPTURE_AUTORELEASING = YES;
				CLANG_WARN_BOOL_CONVERSION = YES;
				CLANG_WARN_COMMA = YES;
				CLANG_WARN_CONSTANT_CONVERSION = YES;
				CLANG_WARN_DEPRECATED_OBJC_IMPLEMENTATIONS = YES;
				CLANG_WARN_DIRECT_OBJC_ISA_USAGE = YES_ERROR;
				CLANG_WARN_DOCUMENTATION_COMMENTS = YES;
				CLANG_WARN_EMPTY_BODY = YES;
				CLANG_WARN_ENUM_CONVERSION = YES;
				CLANG_WARN_INFINITE_RECURSION = YES;
				CLANG_WARN_INT_CONVERSION = YES;
				CLANG_WARN_NON_LITERAL_NULL_CONVERSION = YES;
				CLANG_WARN_OBJC_IMPLICIT_RETAIN_SELF = YES;
				CLANG_WARN_OBJC_LITERAL_CONVERSION = YES;
				CLANG_WARN_OBJC_ROOT_CLASS = YES_ERROR;
				CLANG_WARN_QUOTED_INCLUDE_IN_FRAMEWORK_HEADER = YES;
				CLANG_WARN_RANGE_LOOP_ANALYSIS = YES;
				CLANG_WARN_STRICT_PROTOTYPES = YES;
				CLANG_WARN_SUSPICIOUS_MOVE = YES;
				CLANG_WARN_UNGUARDED_AVAILABILITY = YES_AGGRESSIVE;
				CLANG_WARN_UNREACHABLE_CODE = YES;
				CLANG_WARN__DUPLICATE_METHOD_MATCH = YES;
				COPY_PHASE_STRIP = NO;
				DEBUG_INFORMATION_FORMAT = "dwarf-with-dsym";
				ENABLE_NS_ASSERTIONS = NO;
				ENABLE_STRICT_OBJC_MSGSEND = YES;
				GCC_C_LANGUAGE_STANDARD = gnu11;
				GCC_NO_COMMON_BLOCKS = YES;
				GCC_WARN_64_TO_32_BIT_CONVERSION = YES;
				GCC_WARN_ABOUT_RETURN_TYPE = YES_ERROR;
				GCC_WARN_UNDECLARED_SELECTOR = YES;
				GCC_WARN_UNINITIALIZED_AUTOS = YES_AGGRESSIVE;
				GCC_WARN_UNUSED_FUNCTION = YES;
				GCC_WARN_UNUSED_VARIABLE = YES;
				IPHONEOS_DEPLOYMENT_TARGET = 14.5;
				MTL_ENABLE_DEBUG_INFO = NO;
				MTL_FAST_MATH = YES;
				SDKROOT = iphoneos;
				SWIFT_COMPILATION_MODE = wholemodule;
				SWIFT_OPTIMIZATION_LEVEL = "-O";
				VALIDATE_PRODUCT = YES;
			};
			name = Release;
		};
		8875A4A8265D4DF600C61EBD /* Debug */ = {
			isa = XCBuildConfiguration;
			buildSettings = {
				ASSETCATALOG_COMPILER_APPICON_NAME = AppIcon;
				ASSETCATALOG_COMPILER_GLOBAL_ACCENT_COLOR_NAME = AccentColor;
				CODE_SIGN_STYLE = Automatic;
				DEVELOPMENT_TEAM = 58Y54YM5MN;
				INFOPLIST_FILE = ImgLoader/Info.plist;
				LD_RUNPATH_SEARCH_PATHS = (
					"$(inherited)",
					"@executable_path/Frameworks",
				);
				PRODUCT_BUNDLE_IDENTIFIER = dranchuk.ImgLoader;
				PRODUCT_NAME = "$(TARGET_NAME)";
				SWIFT_VERSION = 5.0;
				TARGETED_DEVICE_FAMILY = "1,2";
			};
			name = Debug;
		};
		8875A4A9265D4DF600C61EBD /* Release */ = {
			isa = XCBuildConfiguration;
			buildSettings = {
				ASSETCATALOG_COMPILER_APPICON_NAME = AppIcon;
				ASSETCATALOG_COMPILER_GLOBAL_ACCENT_COLOR_NAME = AccentColor;
				CODE_SIGN_STYLE = Automatic;
				DEVELOPMENT_TEAM = 58Y54YM5MN;
				INFOPLIST_FILE = ImgLoader/Info.plist;
				LD_RUNPATH_SEARCH_PATHS = (
					"$(inherited)",
					"@executable_path/Frameworks",
				);
				PRODUCT_BUNDLE_IDENTIFIER = dranchuk.ImgLoader;
				PRODUCT_NAME = "$(TARGET_NAME)";
				SWIFT_VERSION = 5.0;
				TARGETED_DEVICE_FAMILY = "1,2";
			};
			name = Release;
		};
/* End XCBuildConfiguration section */

/* Begin XCConfigurationList section */
		8875A48E265D4DEF00C61EBD /* Build configuration list for PBXProject "ImgLoader" */ = {
			isa = XCConfigurationList;
			buildConfigurations = (
				8875A4A5265D4DF600C61EBD /* Debug */,
				8875A4A6265D4DF600C61EBD /* Release */,
			);
			defaultConfigurationIsVisible = 0;
			defaultConfigurationName = Release;
		};
		8875A4A7265D4DF600C61EBD /* Build configuration list for PBXNativeTarget "ImgLoader" */ = {
			isa = XCConfigurationList;
			buildConfigurations = (
				8875A4A8265D4DF600C61EBD /* Debug */,
				8875A4A9265D4DF600C61EBD /* Release */,
			);
			defaultConfigurationIsVisible = 0;
			defaultConfigurationName = Release;
		};
/* End XCConfigurationList section */
	};
	rootObject = 8875A48B265D4DEF00C61EBD /* Project object */;
}
